dependencies:
  espressif/jsmn:
    component_hash: d80350c41bbaa827c98a25b6072df00884e72f54885996fab4a4f0aebce6b6c3
    source:
      service_url: https://api.components.espressif.com/
      type: service
    version: 1.1.0
  espressif/nghttp:
    component_hash: 713c26854e433e1c70ba8ee6d361220394457cccb0765d8172302e5d660bdc58
    source:
      service_url: https://api.components.espressif.com/
      type: service
    version: 1.52.0
  idf:
    component_hash: null
    source:
      type: idf
    version: 5.0.2
manifest_hash: 94e6d41efa7ce2c9b086e64d6956162ec6544a7ef9f89f2f3db2ffec9f27c2a3
target: esp32
version: 1.0.0
